
Microsoft Visual Studio Solution File, Format Version 12.00
# Visual Studio Version 17
VisualStudioVersion = 17.4.33122.133
MinimumVisualStudioVersion = 10.0.40219.1
Project("{FAE04EC0-301F-11D3-BF4B-00C04F79EFBC}") = "CalculatorTest", "Calculator\CalculatorTest.csproj", "{84543C15-34D3-4F39-9104-4BB8C5A97D4C}"
EndProject
Project("{FAE04EC0-301F-11D3-BF4B-00C04F79EFBC}") = "Domain", "Domain\Domain.csproj", "{52D87184-BF53-45EE-8E58-77C6962479A8}"
EndProject
Project("{FAE04EC0-301F-11D3-BF4B-00C04F79EFBC}") = "Web", "Web\Web.csproj", "{2B9FE76D-FAD2-4A46-8CDC-19876E6C5BD1}"
EndProject
Global
	GlobalSection(SolutionConfigurationPlatforms) = preSolution
		Debug|Any CPU = Debug|Any CPU
		Release|Any CPU = Release|Any CPU
	EndGlobalSection
	GlobalSection(ProjectConfigurationPlatforms) = postSolution
		{84543C15-34D3-4F39-9104-4BB8C5A97D4C}.Debug|Any CPU.ActiveCfg = Debug|Any CPU
		{84543C15-34D3-4F39-9104-4BB8C5A97D4C}.Debug|Any CPU.Build.0 = Debug|Any CPU
		{84543C15-34D3-4F39-9104-4BB8C5A97D4C}.Release|Any CPU.ActiveCfg = Release|Any CPU
		{84543C15-34D3-4F39-9104-4BB8C5A97D4C}.Release|Any CPU.Build.0 = Release|Any CPU
		{52D87184-BF53-45EE-8E58-77C6962479A8}.Debug|Any CPU.ActiveCfg = Debug|Any CPU
		{52D87184-BF53-45EE-8E58-77C6962479A8}.Debug|Any CPU.Build.0 = Debug|Any CPU
		{52D87184-BF53-45EE-8E58-77C6962479A8}.Release|Any CPU.ActiveCfg = Release|Any CPU
		{52D87184-BF53-45EE-8E58-77C6962479A8}.Release|Any CPU.Build.0 = Release|Any CPU
		{2B9FE76D-FAD2-4A46-8CDC-19876E6C5BD1}.Debug|Any CPU.ActiveCfg = Debug|Any CPU
		{2B9FE76D-FAD2-4A46-8CDC-19876E6C5BD1}.Debug|Any CPU.Build.0 = Debug|Any CPU
		{2B9FE76D-FAD2-4A46-8CDC-19876E6C5BD1}.Release|Any CPU.ActiveCfg = Release|Any CPU
		{2B9FE76D-FAD2-4A46-8CDC-19876E6C5BD1}.Release|Any CPU.Build.0 = Release|Any CPU
	EndGlobalSection
	GlobalSection(SolutionProperties) = preSolution
		HideSolutionNode = FALSE
	EndGlobalSection
	GlobalSection(ExtensibilityGlobals) = postSolution
		SolutionGuid = {9F779377-C378-4201-81B5-4FFBF55B9516}
	EndGlobalSection
EndGlobal
